
Microsoft Visual Studio Solution File, Format Version 12.00
# Visual Studio 15
Project("{F2A71F9B-5D33-465A-A702-920D77279786}") = "cs334_project-peterchristie", "cs334_project-peterchristie.fsproj", "{51C1AE13-596B-4509-AE11-40972C8B5F37}"
EndProject
Project("{F2A71F9B-5D33-465A-A702-920D77279786}") = "ProjectTests", "ProjectTests\ProjectTests.fsproj", "{7DB1DFF9-C888-43D0-B8D8-8F51E1017432}"
EndProject
Global
	GlobalSection(SolutionConfigurationPlatforms) = preSolution
		Debug|Any CPU = Debug|Any CPU
		Release|Any CPU = Release|Any CPU
	EndGlobalSection
	GlobalSection(ProjectConfigurationPlatforms) = postSolution
		{51C1AE13-596B-4509-AE11-40972C8B5F37}.Debug|Any CPU.ActiveCfg = Debug|Any CPU
		{51C1AE13-596B-4509-AE11-40972C8B5F37}.Debug|Any CPU.Build.0 = Debug|Any CPU
		{51C1AE13-596B-4509-AE11-40972C8B5F37}.Release|Any CPU.ActiveCfg = Release|Any CPU
		{51C1AE13-596B-4509-AE11-40972C8B5F37}.Release|Any CPU.Build.0 = Release|Any CPU
		{7DB1DFF9-C888-43D0-B8D8-8F51E1017432}.Debug|Any CPU.ActiveCfg = Debug|Any CPU
		{7DB1DFF9-C888-43D0-B8D8-8F51E1017432}.Debug|Any CPU.Build.0 = Debug|Any CPU
		{7DB1DFF9-C888-43D0-B8D8-8F51E1017432}.Release|Any CPU.ActiveCfg = Release|Any CPU
		{7DB1DFF9-C888-43D0-B8D8-8F51E1017432}.Release|Any CPU.Build.0 = Release|Any CPU
	EndGlobalSection
EndGlobal
